
Microsoft Visual Studio Solution File, Format Version 12.00
# Visual Studio Version 16
VisualStudioVersion = 16.0.29306.81
MinimumVisualStudioVersion = 10.0.40219.1
Project("{FAE04EC0-301F-11D3-BF4B-00C04F79EFBC}") = "BE", "MY_BE\BE.csproj", "{2B0765AC-8F95-4E04-BEB2-885A2ACEE21E}"
EndProject
Project("{FAE04EC0-301F-11D3-BF4B-00C04F79EFBC}") = "BL", "MY_BL\BL.csproj", "{E9FB03CF-F685-483E-AC3D-598D3FBCC388}"
EndProject
Project("{FAE04EC0-301F-11D3-BF4B-00C04F79EFBC}") = "DAL", "MY_DAL\DAL.csproj", "{1B24F873-5FE8-4E87-8EA0-E5A2B57B0F3D}"
EndProject
Project("{9A19103F-16F7-4668-BE54-9A1E7A4F7556}") = "DS", "DS\DS.csproj", "{3ACB6D97-003A-40EB-B58E-FD22BACB021B}"
EndProject
Project("{FAE04EC0-301F-11D3-BF4B-00C04F79EFBC}") = "PLWPF", "PLWPF\PLWPF.csproj", "{DD1F664C-F93D-4C34-AE38-72B0E4ECB9A0}"
EndProject
Global
	GlobalSection(SolutionConfigurationPlatforms) = preSolution
		Debug|Any CPU = Debug|Any CPU
		Release|Any CPU = Release|Any CPU
	EndGlobalSection
	GlobalSection(ProjectConfigurationPlatforms) = postSolution
		{2B0765AC-8F95-4E04-BEB2-885A2ACEE21E}.Debug|Any CPU.ActiveCfg = Debug|Any CPU
		{2B0765AC-8F95-4E04-BEB2-885A2ACEE21E}.Debug|Any CPU.Build.0 = Debug|Any CPU
		{2B0765AC-8F95-4E04-BEB2-885A2ACEE21E}.Release|Any CPU.ActiveCfg = Release|Any CPU
		{2B0765AC-8F95-4E04-BEB2-885A2ACEE21E}.Release|Any CPU.Build.0 = Release|Any CPU
		{E9FB03CF-F685-483E-AC3D-598D3FBCC388}.Debug|Any CPU.ActiveCfg = Debug|Any CPU
		{E9FB03CF-F685-483E-AC3D-598D3FBCC388}.Debug|Any CPU.Build.0 = Debug|Any CPU
		{E9FB03CF-F685-483E-AC3D-598D3FBCC388}.Release|Any CPU.ActiveCfg = Release|Any CPU
		{E9FB03CF-F685-483E-AC3D-598D3FBCC388}.Release|Any CPU.Build.0 = Release|Any CPU
		{1B24F873-5FE8-4E87-8EA0-E5A2B57B0F3D}.Debug|Any CPU.ActiveCfg = Debug|Any CPU
		{1B24F873-5FE8-4E87-8EA0-E5A2B57B0F3D}.Debug|Any CPU.Build.0 = Debug|Any CPU
		{1B24F873-5FE8-4E87-8EA0-E5A2B57B0F3D}.Release|Any CPU.ActiveCfg = Release|Any CPU
		{1B24F873-5FE8-4E87-8EA0-E5A2B57B0F3D}.Release|Any CPU.Build.0 = Release|Any CPU
		{3ACB6D97-003A-40EB-B58E-FD22BACB021B}.Debug|Any CPU.ActiveCfg = Debug|Any CPU
		{3ACB6D97-003A-40EB-B58E-FD22BACB021B}.Debug|Any CPU.Build.0 = Debug|Any CPU
		{3ACB6D97-003A-40EB-B58E-FD22BACB021B}.Release|Any CPU.ActiveCfg = Release|Any CPU
		{3ACB6D97-003A-40EB-B58E-FD22BACB021B}.Release|Any CPU.Build.0 = Release|Any CPU
		{DD1F664C-F93D-4C34-AE38-72B0E4ECB9A0}.Debug|Any CPU.ActiveCfg = Debug|Any CPU
		{DD1F664C-F93D-4C34-AE38-72B0E4ECB9A0}.Debug|Any CPU.Build.0 = Debug|Any CPU
		{DD1F664C-F93D-4C34-AE38-72B0E4ECB9A0}.Release|Any CPU.ActiveCfg = Release|Any CPU
		{DD1F664C-F93D-4C34-AE38-72B0E4ECB9A0}.Release|Any CPU.Build.0 = Release|Any CPU
	EndGlobalSection
	GlobalSection(SolutionProperties) = preSolution
		HideSolutionNode = FALSE
	EndGlobalSection
	GlobalSection(ExtensibilityGlobals) = postSolution
		SolutionGuid = {C7DF3617-93E3-4DC0-AA14-0BEF31971569}
	EndGlobalSection
EndGlobal
